
Microsoft Visual Studio Solution File, Format Version 10.00
# Visual Studio 2008
Project("{FAE04EC0-301F-11D3-BF4B-00C04F79EFBC}") = "Askme.Domain", "Askme.Domain\Askme.Domain.csproj", "{309A5CD5-9120-490A-A662-1563ECD94CEF}"
EndProject
Project("{2150E333-8FDC-42A3-9474-1A3956D46DE8}") = "Solution Items", "Solution Items", "{202AB715-4787-46AF-BDCC-99B26E575F47}"
	ProjectSection(SolutionItems) = preProject
		Library\nhibernate-configuration.xsd = Library\nhibernate-configuration.xsd
		Library\nhibernate-mapping.xsd = Library\nhibernate-mapping.xsd
	EndProjectSection
EndProject
Global
	GlobalSection(SolutionConfigurationPlatforms) = preSolution
		Debug|Any CPU = Debug|Any CPU
		Release|Any CPU = Release|Any CPU
	EndGlobalSection
	GlobalSection(ProjectConfigurationPlatforms) = postSolution
		{309A5CD5-9120-490A-A662-1563ECD94CEF}.Debug|Any CPU.ActiveCfg = Debug|Any CPU
		{309A5CD5-9120-490A-A662-1563ECD94CEF}.Debug|Any CPU.Build.0 = Debug|Any CPU
		{309A5CD5-9120-490A-A662-1563ECD94CEF}.Release|Any CPU.ActiveCfg = Release|Any CPU
		{309A5CD5-9120-490A-A662-1563ECD94CEF}.Release|Any CPU.Build.0 = Release|Any CPU
	EndGlobalSection
	GlobalSection(SolutionProperties) = preSolution
		HideSolutionNode = FALSE
	EndGlobalSection
EndGlobal
